// !$*UTF8*$!
{
	archiveVersion = 1;
	classes = {
	};
	objectVersion = 46;
	objects = {

/* Begin PBXBuildFile section */
		4351E5DE1CCD290600B4B3B0 /* AppDelegate.swift in Sources */ = {isa = PBXBuildFile; fileRef = 4351E5DD1CCD290600B4B3B0 /* AppDelegate.swift */; };
		4351E5E01CCD290600B4B3B0 /* CityScapeVC.swift in Sources */ = {isa = PBXBuildFile; fileRef = 4351E5DF1CCD290600B4B3B0 /* CityScapeVC.swift */; };
		4351E5E31CCD290600B4B3B0 /* Main.storyboard in Resources */ = {isa = PBXBuildFile; fileRef = 4351E5E11CCD290600B4B3B0 /* Main.storyboard */; };
		4351E5E51CCD290600B4B3B0 /* Assets.xcassets in Resources */ = {isa = PBXBuildFile; fileRef = 4351E5E41CCD290600B4B3B0 /* Assets.xcassets */; };
		4351E5F31CCD290600B4B3B0 /* Keeping_Designers_Happy_With_EnumsTests.swift in Sources */ = {isa = PBXBuildFile; fileRef = 4351E5F21CCD290600B4B3B0 /* Keeping_Designers_Happy_With_EnumsTests.swift */; };
		4351E5FE1CCD290600B4B3B0 /* Keeping_Designers_Happy_With_EnumsUITests.swift in Sources */ = {isa = PBXBuildFile; fileRef = 4351E5FD1CCD290600B4B3B0 /* Keeping_Designers_Happy_With_EnumsUITests.swift */; };
		4351E60D1CCD297C00B4B3B0 /* Stylesheet.swift in Sources */ = {isa = PBXBuildFile; fileRef = 4351E60C1CCD297C00B4B3B0 /* Stylesheet.swift */; };
		437E049A1CE16A5300C1223C /* UIColorExt.swift in Sources */ = {isa = PBXBuildFile; fileRef = 437E04991CE16A5300C1223C /* UIColorExt.swift */; };
		437E04A31CE4DA3F00C1223C /* CityScapeTableViewCellExt.swift in Sources */ = {isa = PBXBuildFile; fileRef = 437E04A21CE4DA3F00C1223C /* CityScapeTableViewCellExt.swift */; };
		43B0812F1CD55AB60033532F /* CityScapeTableViewCell.swift in Sources */ = {isa = PBXBuildFile; fileRef = 43B0812D1CD55AB60033532F /* CityScapeTableViewCell.swift */; };
		43B081301CD55AB60033532F /* CityScapeTableViewCell.xib in Resources */ = {isa = PBXBuildFile; fileRef = 43B0812E1CD55AB60033532F /* CityScapeTableViewCell.xib */; };
		43B081321CD55D610033532F /* CityScapePhotos.swift in Sources */ = {isa = PBXBuildFile; fileRef = 43B081311CD55D610033532F /* CityScapePhotos.swift */; };
		43B081341CD567C10033532F /* ArrayExt.swift in Sources */ = {isa = PBXBuildFile; fileRef = 43B081331CD567C10033532F /* ArrayExt.swift */; };
/* End PBXBuildFile section */

/* Begin PBXContainerItemProxy section */
		4351E5EF1CCD290600B4B3B0 /* PBXContainerItemProxy */ = {
			isa = PBXContainerItemProxy;
			containerPortal = 4351E5D21CCD290600B4B3B0 /* Project object */;
			proxyType = 1;
			remoteGlobalIDString = 4351E5D91CCD290600B4B3B0;
			remoteInfo = "Keeping Designers Happy With Enums";
		};
		4351E5FA1CCD290600B4B3B0 /* PBXContainerItemProxy */ = {
			isa = PBXContainerItemProxy;
			containerPortal = 4351E5D21CCD290600B4B3B0 /* Project object */;
			proxyType = 1;
			remoteGlobalIDString = 4351E5D91CCD290600B4B3B0;
			remoteInfo = "Keeping Designers Happy With Enums";
		};
/* End PBXContainerItemProxy section */

/* Begin PBXFileReference section */
		4351E5DA1CCD290600B4B3B0 /* Keeping Designers Happy With Enums.app */ = {isa = PBXFileReference; explicitFileType = wrapper.application; includeInIndex = 0; path = "Keeping Designers Happy With Enums.app"; sourceTree = BUILT_PRODUCTS_DIR; };
		4351E5DD1CCD290600B4B3B0 /* AppDelegate.swift */ = {isa = PBXFileReference; lastKnownFileType = sourcecode.swift; path = AppDelegate.swift; sourceTree = "<group>"; };
		4351E5DF1CCD290600B4B3B0 /* CityScapeVC.swift */ = {isa = PBXFileReference; lastKnownFileType = sourcecode.swift; path = CityScapeVC.swift; sourceTree = "<group>"; };
		4351E5E21CCD290600B4B3B0 /* Base */ = {isa = PBXFileReference; lastKnownFileType = file.storyboard; name = Base; path = Base.lproj/Main.storyboard; sourceTree = "<group>"; };
		4351E5E41CCD290600B4B3B0 /* Assets.xcassets */ = {isa = PBXFileReference; lastKnownFileType = folder.assetcatalog; path = Assets.xcassets; sourceTree = "<group>"; };
		4351E5E91CCD290600B4B3B0 /* Info.plist */ = {isa = PBXFileReference; lastKnownFileType = text.plist.xml; path = Info.plist; sourceTree = "<group>"; };
		4351E5EE1CCD290600B4B3B0 /* Keeping Designers Happy With EnumsTests.xctest */ = {isa = PBXFileReference; explicitFileType = wrapper.cfbundle; includeInIndex = 0; path = "Keeping Designers Happy With EnumsTests.xctest"; sourceTree = BUILT_PRODUCTS_DIR; };
		4351E5F21CCD290600B4B3B0 /* Keeping_Designers_Happy_With_EnumsTests.swift */ = {isa = PBXFileReference; lastKnownFileType = sourcecode.swift; path = Keeping_Designers_Happy_With_EnumsTests.swift; sourceTree = "<group>"; };
		4351E5F41CCD290600B4B3B0 /* Info.plist */ = {isa = PBXFileReference; lastKnownFileType = text.plist.xml; path = Info.plist; sourceTree = "<group>"; };
		4351E5F91CCD290600B4B3B0 /* Keeping Designers Happy With EnumsUITests.xctest */ = {isa = PBXFileReference; explicitFileType = wrapper.cfbundle; includeInIndex = 0; path = "Keeping Designers Happy With EnumsUITests.xctest"; sourceTree = BUILT_PRODUCTS_DIR; };
		4351E5FD1CCD290600B4B3B0 /* Keeping_Designers_Happy_With_EnumsUITests.swift */ = {isa = PBXFileReference; lastKnownFileType = sourcecode.swift; path = Keeping_Designers_Happy_With_EnumsUITests.swift; sourceTree = "<group>"; };
		4351E5FF1CCD290600B4B3B0 /* Info.plist */ = {isa = PBXFileReference; lastKnownFileType = text.plist.xml; path = Info.plist; sourceTree = "<group>"; };
		4351E60C1CCD297C00B4B3B0 /* Stylesheet.swift */ = {isa = PBXFileReference; fileEncoding = 4; lastKnownFileType = sourcecode.swift; path = Stylesheet.swift; sourceTree = "<group>"; };
		437E04991CE16A5300C1223C /* UIColorExt.swift */ = {isa = PBXFileReference; fileEncoding = 4; lastKnownFileType = sourcecode.swift; path = UIColorExt.swift; sourceTree = "<group>"; };
		437E04A21CE4DA3F00C1223C /* CityScapeTableViewCellExt.swift */ = {isa = PBXFileReference; fileEncoding = 4; lastKnownFileType = sourcecode.swift; path = CityScapeTableViewCellExt.swift; sourceTree = "<group>"; };
		43B0812D1CD55AB60033532F /* CityScapeTableViewCell.swift */ = {isa = PBXFileReference; fileEncoding = 4; lastKnownFileType = sourcecode.swift; path = CityScapeTableViewCell.swift; sourceTree = "<group>"; };
		43B0812E1CD55AB60033532F /* CityScapeTableViewCell.xib */ = {isa = PBXFileReference; fileEncoding = 4; lastKnownFileType = file.xib; path = CityScapeTableViewCell.xib; sourceTree = "<group>"; };
		43B081311CD55D610033532F /* CityScapePhotos.swift */ = {isa = PBXFileReference; fileEncoding = 4; lastKnownFileType = sourcecode.swift; path = CityScapePhotos.swift; sourceTree = "<group>"; };
		43B081331CD567C10033532F /* ArrayExt.swift */ = {isa = PBXFileReference; fileEncoding = 4; lastKnownFileType = sourcecode.swift; path = ArrayExt.swift; sourceTree = "<group>"; };
/* End PBXFileReference section */

/* Begin PBXFrameworksBuildPhase section */
		4351E5D71CCD290600B4B3B0 /* Frameworks */ = {
			isa = PBXFrameworksBuildPhase;
			buildActionMask = 2147483647;
			files = (
			);
			runOnlyForDeploymentPostprocessing = 0;
		};
		4351E5EB1CCD290600B4B3B0 /* Frameworks */ = {
			isa = PBXFrameworksBuildPhase;
			buildActionMask = 2147483647;
			files = (
			);
			runOnlyForDeploymentPostprocessing = 0;
		};
		4351E5F61CCD290600B4B3B0 /* Frameworks */ = {
			isa = PBXFrameworksBuildPhase;
			buildActionMask = 2147483647;
			files = (
			);
			runOnlyForDeploymentPostprocessing = 0;
		};
/* End PBXFrameworksBuildPhase section */

/* Begin PBXGroup section */
		4351E5D11CCD290600B4B3B0 = {
			isa = PBXGroup;
			children = (
				4351E5DC1CCD290600B4B3B0 /* Keeping Designers Happy With Enums */,
				4351E5F11CCD290600B4B3B0 /* Keeping Designers Happy With EnumsTests */,
				4351E5FC1CCD290600B4B3B0 /* Keeping Designers Happy With EnumsUITests */,
				4351E5DB1CCD290600B4B3B0 /* Products */,
			);
			sourceTree = "<group>";
		};
		4351E5DB1CCD290600B4B3B0 /* Products */ = {
			isa = PBXGroup;
			children = (
				4351E5DA1CCD290600B4B3B0 /* Keeping Designers Happy With Enums.app */,
				4351E5EE1CCD290600B4B3B0 /* Keeping Designers Happy With EnumsTests.xctest */,
				4351E5F91CCD290600B4B3B0 /* Keeping Designers Happy With EnumsUITests.xctest */,
			);
			name = Products;
			sourceTree = "<group>";
		};
		4351E5DC1CCD290600B4B3B0 /* Keeping Designers Happy With Enums */ = {
			isa = PBXGroup;
			children = (
				437E04A11CE4DA2C00C1223C /* Extenstions */,
				4351E5E11CCD290600B4B3B0 /* Main.storyboard */,
				4351E5DF1CCD290600B4B3B0 /* CityScapeVC.swift */,
				43B0812D1CD55AB60033532F /* CityScapeTableViewCell.swift */,
				43B0812E1CD55AB60033532F /* CityScapeTableViewCell.xib */,
				4351E60C1CCD297C00B4B3B0 /* Stylesheet.swift */,
				43B081311CD55D610033532F /* CityScapePhotos.swift */,
				4351E5E41CCD290600B4B3B0 /* Assets.xcassets */,
				4351E60B1CCD293900B4B3B0 /* Supporting Files */,
			);
			path = "Keeping Designers Happy With Enums";
			sourceTree = "<group>";
		};
		4351E5F11CCD290600B4B3B0 /* Keeping Designers Happy With EnumsTests */ = {
			isa = PBXGroup;
			children = (
				4351E5F21CCD290600B4B3B0 /* Keeping_Designers_Happy_With_EnumsTests.swift */,
				4351E5F41CCD290600B4B3B0 /* Info.plist */,
			);
			path = "Keeping Designers Happy With EnumsTests";
			sourceTree = "<group>";
		};
		4351E5FC1CCD290600B4B3B0 /* Keeping Designers Happy With EnumsUITests */ = {
			isa = PBXGroup;
			children = (
				4351E5FD1CCD290600B4B3B0 /* Keeping_Designers_Happy_With_EnumsUITests.swift */,
				4351E5FF1CCD290600B4B3B0 /* Info.plist */,
			);
			path = "Keeping Designers Happy With EnumsUITests";
			sourceTree = "<group>";
		};
		4351E60B1CCD293900B4B3B0 /* Supporting Files */ = {
			isa = PBXGroup;
			children = (
				43B081331CD567C10033532F /* ArrayExt.swift */,
				4351E5DD1CCD290600B4B3B0 /* AppDelegate.swift */,
				4351E5E91CCD290600B4B3B0 /* Info.plist */,
			);
			name = "Supporting Files";
			sourceTree = "<group>";
		};
		437E04A11CE4DA2C00C1223C /* Extenstions */ = {
			isa = PBXGroup;
			children = (
				437E04A21CE4DA3F00C1223C /* CityScapeTableViewCellExt.swift */,
				437E04991CE16A5300C1223C /* UIColorExt.swift */,
			);
			name = Extenstions;
			sourceTree = "<group>";
		};
/* End PBXGroup section */

/* Begin PBXNativeTarget section */
		4351E5D91CCD290600B4B3B0 /* Keeping Designers Happy With Enums */ = {
			isa = PBXNativeTarget;
			buildConfigurationList = 4351E6021CCD290600B4B3B0 /* Build configuration list for PBXNativeTarget "Keeping Designers Happy With Enums" */;
			buildPhases = (
				4351E5D61CCD290600B4B3B0 /* Sources */,
				4351E5D71CCD290600B4B3B0 /* Frameworks */,
				4351E5D81CCD290600B4B3B0 /* Resources */,
			);
			buildRules = (
			);
			dependencies = (
			);
			name = "Keeping Designers Happy With Enums";
			productName = "Keeping Designers Happy With Enums";
			productReference = 4351E5DA1CCD290600B4B3B0 /* Keeping Designers Happy With Enums.app */;
			productType = "com.apple.product-type.application";
		};
		4351E5ED1CCD290600B4B3B0 /* Keeping Designers Happy With EnumsTests */ = {
			isa = PBXNativeTarget;
			buildConfigurationList = 4351E6051CCD290600B4B3B0 /* Build configuration list for PBXNativeTarget "Keeping Designers Happy With EnumsTests" */;
			buildPhases = (
				4351E5EA1CCD290600B4B3B0 /* Sources */,
				4351E5EB1CCD290600B4B3B0 /* Frameworks */,
				4351E5EC1CCD290600B4B3B0 /* Resources */,
			);
			buildRules = (
			);
			dependencies = (
				4351E5F01CCD290600B4B3B0 /* PBXTargetDependency */,
			);
			name = "Keeping Designers Happy With EnumsTests";
			productName = "Keeping Designers Happy With EnumsTests";
			productReference = 4351E5EE1CCD290600B4B3B0 /* Keeping Designers Happy With EnumsTests.xctest */;
			productType = "com.apple.product-type.bundle.unit-test";
		};
		4351E5F81CCD290600B4B3B0 /* Keeping Designers Happy With EnumsUITests */ = {
			isa = PBXNativeTarget;
			buildConfigurationList = 4351E6081CCD290600B4B3B0 /* Build configuration list for PBXNativeTarget "Keeping Designers Happy With EnumsUITests" */;
			buildPhases = (
				4351E5F51CCD290600B4B3B0 /* Sources */,
				4351E5F61CCD290600B4B3B0 /* Frameworks */,
				4351E5F71CCD290600B4B3B0 /* Resources */,
			);
			buildRules = (
			);
			dependencies = (
				4351E5FB1CCD290600B4B3B0 /* PBXTargetDependency */,
			);
			name = "Keeping Designers Happy With EnumsUITests";
			productName = "Keeping Designers Happy With EnumsUITests";
			productReference = 4351E5F91CCD290600B4B3B0 /* Keeping Designers Happy With EnumsUITests.xctest */;
			productType = "com.apple.product-type.bundle.ui-testing";
		};
/* End PBXNativeTarget section */

/* Begin PBXProject section */
		4351E5D21CCD290600B4B3B0 /* Project object */ = {
			isa = PBXProject;
			attributes = {
				LastSwiftUpdateCheck = 0730;
				LastUpgradeCheck = 0730;
				ORGANIZATIONNAME = "Patrick Reynolds";
				TargetAttributes = {
					4351E5D91CCD290600B4B3B0 = {
						CreatedOnToolsVersion = 7.3;
						DevelopmentTeam = 84AK95EPL5;
					};
					4351E5ED1CCD290600B4B3B0 = {
						CreatedOnToolsVersion = 7.3;
						TestTargetID = 4351E5D91CCD290600B4B3B0;
					};
					4351E5F81CCD290600B4B3B0 = {
						CreatedOnToolsVersion = 7.3;
						TestTargetID = 4351E5D91CCD290600B4B3B0;
					};
				};
			};
			buildConfigurationList = 4351E5D51CCD290600B4B3B0 /* Build configuration list for PBXProject "Keeping Designers Happy With Enums" */;
			compatibilityVersion = "Xcode 3.2";
			developmentRegion = English;
			hasScannedForEncodings = 0;
			knownRegions = (
				en,
				Base,
			);
			mainGroup = 4351E5D11CCD290600B4B3B0;
			productRefGroup = 4351E5DB1CCD290600B4B3B0 /* Products */;
			projectDirPath = "";
			projectRoot = "";
			targets = (
				4351E5D91CCD290600B4B3B0 /* Keeping Designers Happy With Enums */,
				4351E5ED1CCD290600B4B3B0 /* Keeping Designers Happy With EnumsTests */,
				4351E5F81CCD290600B4B3B0 /* Keeping Designers Happy With EnumsUITests */,
			);
		};
/* End PBXProject section */

/* Begin PBXResourcesBuildPhase section */
		4351E5D81CCD290600B4B3B0 /* Resources */ = {
			isa = PBXResourcesBuildPhase;
			buildActionMask = 2147483647;
			files = (
				4351E5E51CCD290600B4B3B0 /* Assets.xcassets in Resources */,
				43B081301CD55AB60033532F /* CityScapeTableViewCell.xib in Resources */,
				4351E5E31CCD290600B4B3B0 /* Main.storyboard in Resources */,
			);
			runOnlyForDeploymentPostprocessing = 0;
		};
		4351E5EC1CCD290600B4B3B0 /* Resources */ = {
			isa = PBXResourcesBuildPhase;
			buildActionMask = 2147483647;
			files = (
			);
			runOnlyForDeploymentPostprocessing = 0;
		};
		4351E5F71CCD290600B4B3B0 /* Resources */ = {
			isa = PBXResourcesBuildPhase;
			buildActionMask = 2147483647;
			files = (
			);
			runOnlyForDeploymentPostprocessing = 0;
		};
/* End PBXResourcesBuildPhase section */

/* Begin PBXSourcesBuildPhase section */
		4351E5D61CCD290600B4B3B0 /* Sources */ = {
			isa = PBXSourcesBuildPhase;
			buildActionMask = 2147483647;
			files = (
				43B081321CD55D610033532F /* CityScapePhotos.swift in Sources */,
				437E04A31CE4DA3F00C1223C /* CityScapeTableViewCellExt.swift in Sources */,
				4351E5E01CCD290600B4B3B0 /* CityScapeVC.swift in Sources */,
				4351E5DE1CCD290600B4B3B0 /* AppDelegate.swift in Sources */,
				4351E60D1CCD297C00B4B3B0 /* Stylesheet.swift in Sources */,
				437E049A1CE16A5300C1223C /* UIColorExt.swift in Sources */,
				43B0812F1CD55AB60033532F /* CityScapeTableViewCell.swift in Sources */,
				43B081341CD567C10033532F /* ArrayExt.swift in Sources */,
			);
			runOnlyForDeploymentPostprocessing = 0;
		};
		4351E5EA1CCD290600B4B3B0 /* Sources */ = {
			isa = PBXSourcesBuildPhase;
			buildActionMask = 2147483647;
			files = (
				4351E5F31CCD290600B4B3B0 /* Keeping_Designers_Happy_With_EnumsTests.swift in Sources */,
			);
			runOnlyForDeploymentPostprocessing = 0;
		};
		4351E5F51CCD290600B4B3B0 /* Sources */ = {
			isa = PBXSourcesBuildPhase;
			buildActionMask = 2147483647;
			files = (
				4351E5FE1CCD290600B4B3B0 /* Keeping_Designers_Happy_With_EnumsUITests.swift in Sources */,
			);
			runOnlyForDeploymentPostprocessing = 0;
		};
/* End PBXSourcesBuildPhase section */

/* Begin PBXTargetDependency section */
		4351E5F01CCD290600B4B3B0 /* PBXTargetDependency */ = {
			isa = PBXTargetDependency;
			target = 4351E5D91CCD290600B4B3B0 /* Keeping Designers Happy With Enums */;
			targetProxy = 4351E5EF1CCD290600B4B3B0 /* PBXContainerItemProxy */;
		};
		4351E5FB1CCD290600B4B3B0 /* PBXTargetDependency */ = {
			isa = PBXTargetDependency;
			target = 4351E5D91CCD290600B4B3B0 /* Keeping Designers Happy With Enums */;
			targetProxy = 4351E5FA1CCD290600B4B3B0 /* PBXContainerItemProxy */;
		};
/* End PBXTargetDependency section */

/* Begin PBXVariantGroup section */
		4351E5E11CCD290600B4B3B0 /* Main.storyboard */ = {
			isa = PBXVariantGroup;
			children = (
				4351E5E21CCD290600B4B3B0 /* Base */,
			);
			name = Main.storyboard;
			sourceTree = "<group>";
		};
/* End PBXVariantGroup section */

/* Begin XCBuildConfiguration section */
		4351E6001CCD290600B4B3B0 /* Debug */ = {
			isa = XCBuildConfiguration;
			buildSettings = {
				ALWAYS_SEARCH_USER_PATHS = NO;
				CLANG_ANALYZER_NONNULL = YES;
				CLANG_CXX_LANGUAGE_STANDARD = "gnu++0x";
				CLANG_CXX_LIBRARY = "libc++";
				CLANG_ENABLE_MODULES = YES;
				CLANG_ENABLE_OBJC_ARC = YES;
				CLANG_WARN_BOOL_CONVERSION = YES;
				CLANG_WARN_CONSTANT_CONVERSION = YES;
				CLANG_WARN_DIRECT_OBJC_ISA_USAGE = YES_ERROR;
				CLANG_WARN_EMPTY_BODY = YES;
				CLANG_WARN_ENUM_CONVERSION = YES;
				CLANG_WARN_INT_CONVERSION = YES;
				CLANG_WARN_OBJC_ROOT_CLASS = YES_ERROR;
				CLANG_WARN_UNREACHABLE_CODE = YES;
				CLANG_WARN__DUPLICATE_METHOD_MATCH = YES;
				"CODE_SIGN_IDENTITY[sdk=iphoneos*]" = "iPhone Developer";
				COPY_PHASE_STRIP = NO;
				DEBUG_INFORMATION_FORMAT = dwarf;
				ENABLE_STRICT_OBJC_MSGSEND = YES;
				ENABLE_TESTABILITY = YES;
				GCC_C_LANGUAGE_STANDARD = gnu99;
				GCC_DYNAMIC_NO_PIC = NO;
				GCC_NO_COMMON_BLOCKS = YES;
				GCC_OPTIMIZATION_LEVEL = 0;
				GCC_PREPROCESSOR_DEFINITIONS = (
					"DEBUG=1",
					"$(inherited)",
				);
				GCC_WARN_64_TO_32_BIT_CONVERSION = YES;
				GCC_WARN_ABOUT_RETURN_TYPE = YES_ERROR;
				GCC_WARN_UNDECLARED_SELECTOR = YES;
				GCC_WARN_UNINITIALIZED_AUTOS = YES_AGGRESSIVE;
				GCC_WARN_UNUSED_FUNCTION = YES;
				GCC_WARN_UNUSED_VARIABLE = YES;
				IPHONEOS_DEPLOYMENT_TARGET = 9.3;
				MTL_ENABLE_DEBUG_INFO = YES;
				ONLY_ACTIVE_ARCH = YES;
				SDKROOT = iphoneos;
				SWIFT_OPTIMIZATION_LEVEL = "-Onone";
				TARGETED_DEVICE_FAMILY = "1,2";
			};
			name = Debug;
		};
		4351E6011CCD290600B4B3B0 /* Release */ = {
			isa = XCBuildConfiguration;
			buildSettings = {
				ALWAYS_SEARCH_USER_PATHS = NO;
				CLANG_ANALYZER_NONNULL = YES;
				CLANG_CXX_LANGUAGE_STANDARD = "gnu++0x";
				CLANG_CXX_LIBRARY = "libc++";
				CLANG_ENABLE_MODULES = YES;
				CLANG_ENABLE_OBJC_ARC = YES;
				CLANG_WARN_BOOL_CONVERSION = YES;
				CLANG_WARN_CONSTANT_CONVERSION = YES;
				CLANG_WARN_DIRECT_OBJC_ISA_USAGE = YES_ERROR;
				CLANG_WARN_EMPTY_BODY = YES;
				CLANG_WARN_ENUM_CONVERSION = YES;
				CLANG_WARN_INT_CONVERSION = YES;
				CLANG_WARN_OBJC_ROOT_CLASS = YES_ERROR;
				CLANG_WARN_UNREACHABLE_CODE = YES;
				CLANG_WARN__DUPLICATE_METHOD_MATCH = YES;
				"CODE_SIGN_IDENTITY[sdk=iphoneos*]" = "iPhone Developer";
				COPY_PHASE_STRIP = NO;
				DEBUG_INFORMATION_FORMAT = "dwarf-with-dsym";
				ENABLE_NS_ASSERTIONS = NO;
				ENABLE_STRICT_OBJC_MSGSEND = YES;
				GCC_C_LANGUAGE_STANDARD = gnu99;
				GCC_NO_COMMON_BLOCKS = YES;
				GCC_WARN_64_TO_32_BIT_CONVERSION = YES;
				GCC_WARN_ABOUT_RETURN_TYPE = YES_ERROR;
				GCC_WARN_UNDECLARED_SELECTOR = YES;
				GCC_WARN_UNINITIALIZED_AUTOS = YES_AGGRESSIVE;
				GCC_WARN_UNUSED_FUNCTION = YES;
				GCC_WARN_UNUSED_VARIABLE = YES;
				IPHONEOS_DEPLOYMENT_TARGET = 9.3;
				MTL_ENABLE_DEBUG_INFO = NO;
				SDKROOT = iphoneos;
				TARGETED_DEVICE_FAMILY = "1,2";
				VALIDATE_PRODUCT = YES;
			};
			name = Release;
		};
		4351E6031CCD290600B4B3B0 /* Debug */ = {
			isa = XCBuildConfiguration;
			buildSettings = {
				ASSETCATALOG_COMPILER_APPICON_NAME = AppIcon;
				CODE_SIGN_IDENTITY = "iPhone Developer";
				"CODE_SIGN_IDENTITY[sdk=iphoneos*]" = "iPhone Developer";
				INFOPLIST_FILE = "Keeping Designers Happy With Enums/Info.plist";
				LD_RUNPATH_SEARCH_PATHS = "$(inherited) @executable_path/Frameworks";
				PRODUCT_BUNDLE_IDENTIFIER = "me.patrickreynolds.Keeping-Designers-Happy-With-Enums";
				PRODUCT_NAME = "$(TARGET_NAME)";
				PROVISIONING_PROFILE = "";
			};
			name = Debug;
		};
		4351E6041CCD290600B4B3B0 /* Release */ = {
			isa = XCBuildConfiguration;
			buildSettings = {
				ASSETCATALOG_COMPILER_APPICON_NAME = AppIcon;
				CODE_SIGN_IDENTITY = "iPhone Developer";
				"CODE_SIGN_IDENTITY[sdk=iphoneos*]" = "iPhone Developer";
				INFOPLIST_FILE = "Keeping Designers Happy With Enums/Info.plist";
				LD_RUNPATH_SEARCH_PATHS = "$(inherited) @executable_path/Frameworks";
				PRODUCT_BUNDLE_IDENTIFIER = "me.patrickreynolds.Keeping-Designers-Happy-With-Enums";
				PRODUCT_NAME = "$(TARGET_NAME)";
				PROVISIONING_PROFILE = "";
			};
			name = Release;
		};
		4351E6061CCD290600B4B3B0 /* Debug */ = {
			isa = XCBuildConfiguration;
			buildSettings = {
				BUNDLE_LOADER = "$(TEST_HOST)";
				INFOPLIST_FILE = "Keeping Designers Happy With EnumsTests/Info.plist";
				LD_RUNPATH_SEARCH_PATHS = "$(inherited) @executable_path/Frameworks @loader_path/Frameworks";
				PRODUCT_BUNDLE_IDENTIFIER = "me.patrickreynolds.Keeping-Designers-Happy-With-EnumsTests";
				PRODUCT_NAME = "$(TARGET_NAME)";
				TEST_HOST = "$(BUILT_PRODUCTS_DIR)/Keeping Designers Happy With Enums.app/Keeping Designers Happy With Enums";
			};
			name = Debug;
		};
		4351E6071CCD290600B4B3B0 /* Release */ = {
			isa = XCBuildConfiguration;
			buildSettings = {
				BUNDLE_LOADER = "$(TEST_HOST)";
				INFOPLIST_FILE = "Keeping Designers Happy With EnumsTests/Info.plist";
				LD_RUNPATH_SEARCH_PATHS = "$(inherited) @executable_path/Frameworks @loader_path/Frameworks";
				PRODUCT_BUNDLE_IDENTIFIER = "me.patrickreynolds.Keeping-Designers-Happy-With-EnumsTests";
				PRODUCT_NAME = "$(TARGET_NAME)";
				TEST_HOST = "$(BUILT_PRODUCTS_DIR)/Keeping Designers Happy With Enums.app/Keeping Designers Happy With Enums";
			};
			name = Release;
		};
		4351E6091CCD290600B4B3B0 /* Debug */ = {
			isa = XCBuildConfiguration;
			buildSettings = {
				INFOPLIST_FILE = "Keeping Designers Happy With EnumsUITests/Info.plist";
				LD_RUNPATH_SEARCH_PATHS = "$(inherited) @executable_path/Frameworks @loader_path/Frameworks";
				PRODUCT_BUNDLE_IDENTIFIER = "me.patrickreynolds.Keeping-Designers-Happy-With-EnumsUITests";
				PRODUCT_NAME = "$(TARGET_NAME)";
				TEST_TARGET_NAME = "Keeping Designers Happy With Enums";
			};
			name = Debug;
		};
		4351E60A1CCD290600B4B3B0 /* Release */ = {
			isa = XCBuildConfiguration;
			buildSettings = {
				INFOPLIST_FILE = "Keeping Designers Happy With EnumsUITests/Info.plist";
				LD_RUNPATH_SEARCH_PATHS = "$(inherited) @executable_path/Frameworks @loader_path/Frameworks";
				PRODUCT_BUNDLE_IDENTIFIER = "me.patrickreynolds.Keeping-Designers-Happy-With-EnumsUITests";
				PRODUCT_NAME = "$(TARGET_NAME)";
				TEST_TARGET_NAME = "Keeping Designers Happy With Enums";
			};
			name = Release;
		};
/* End XCBuildConfiguration section */

/* Begin XCConfigurationList section */
		4351E5D51CCD290600B4B3B0 /* Build configuration list for PBXProject "Keeping Designers Happy With Enums" */ = {
			isa = XCConfigurationList;
			buildConfigurations = (
				4351E6001CCD290600B4B3B0 /* Debug */,
				4351E6011CCD290600B4B3B0 /* Release */,
			);
			defaultConfigurationIsVisible = 0;
			defaultConfigurationName = Release;
		};
		4351E6021CCD290600B4B3B0 /* Build configuration list for PBXNativeTarget "Keeping Designers Happy With Enums" */ = {
			isa = XCConfigurationList;
			buildConfigurations = (
				4351E6031CCD290600B4B3B0 /* Debug */,
				4351E6041CCD290600B4B3B0 /* Release */,
			);
			defaultConfigurationIsVisible = 0;
			defaultConfigurationName = Release;
		};
		4351E6051CCD290600B4B3B0 /* Build configuration list for PBXNativeTarget "Keeping Designers Happy With EnumsTests" */ = {
			isa = XCConfigurationList;
			buildConfigurations = (
				4351E6061CCD290600B4B3B0 /* Debug */,
				4351E6071CCD290600B4B3B0 /* Release */,
			);
			defaultConfigurationIsVisible = 0;
			defaultConfigurationName = Release;
		};
		4351E6081CCD290600B4B3B0 /* Build configuration list for PBXNativeTarget "Keeping Designers Happy With EnumsUITests" */ = {
			isa = XCConfigurationList;
			buildConfigurations = (
				4351E6091CCD290600B4B3B0 /* Debug */,
				4351E60A1CCD290600B4B3B0 /* Release */,
			);
			defaultConfigurationIsVisible = 0;
			defaultConfigurationName = Release;
		};
/* End XCConfigurationList section */
	};
	rootObject = 4351E5D21CCD290600B4B3B0 /* Project object */;
}
